// !$*UTF8*$!
{
	archiveVersion = 1;
	classes = {
	};
	objectVersion = 56;
	objects = {

/* Begin PBXBuildFile section */
		181BF10B2BA44EF6002936AB /* CustomTextStyle.swift in Sources */ = {isa = PBXBuildFile; fileRef = 181BF10A2BA44EF6002936AB /* CustomTextStyle.swift */; };
		181BF1142BA4997A002936AB /* InfoVC.swift in Sources */ = {isa = PBXBuildFile; fileRef = 181BF1132BA4997A002936AB /* InfoVC.swift */; };
		181BF1162BA49982002936AB /* InfoView.swift in Sources */ = {isa = PBXBuildFile; fileRef = 181BF1152BA49982002936AB /* InfoView.swift */; };
		181BF1192BA88BAC002936AB /* PaintVC.swift in Sources */ = {isa = PBXBuildFile; fileRef = 181BF1182BA88BAC002936AB /* PaintVC.swift */; };
		181BF11B2BA88CEE002936AB /* PaintView.swift in Sources */ = {isa = PBXBuildFile; fileRef = 181BF11A2BA88CEE002936AB /* PaintView.swift */; };
		181BF11D2BA8A0C6002936AB /* ColorCollection.swift in Sources */ = {isa = PBXBuildFile; fileRef = 181BF11C2BA8A0C6002936AB /* ColorCollection.swift */; };
		18706F332B9F3948008FFB19 /* AppDelegate.swift in Sources */ = {isa = PBXBuildFile; fileRef = 18706F322B9F3948008FFB19 /* AppDelegate.swift */; };
		18706F352B9F3948008FFB19 /* SceneDelegate.swift in Sources */ = {isa = PBXBuildFile; fileRef = 18706F342B9F3948008FFB19 /* SceneDelegate.swift */; };
		18706F3C2B9F394B008FFB19 /* Assets.xcassets in Resources */ = {isa = PBXBuildFile; fileRef = 18706F3B2B9F394B008FFB19 /* Assets.xcassets */; };
		18706F3F2B9F394B008FFB19 /* LaunchScreen.storyboard in Resources */ = {isa = PBXBuildFile; fileRef = 18706F3D2B9F394B008FFB19 /* LaunchScreen.storyboard */; };
		18706F4B2B9F3B85008FFB19 /* StartVC.swift in Sources */ = {isa = PBXBuildFile; fileRef = 18706F4A2B9F3B85008FFB19 /* StartVC.swift */; };
		18706F4D2B9F3B8A008FFB19 /* StartView.swift in Sources */ = {isa = PBXBuildFile; fileRef = 18706F4C2B9F3B8A008FFB19 /* StartView.swift */; };
		18706F512B9F3BDD008FFB19 /* CustomLayaoutVC.swift in Sources */ = {isa = PBXBuildFile; fileRef = 18706F502B9F3BDD008FFB19 /* CustomLayaoutVC.swift */; };
		18706F532B9F3BE1008FFB19 /* HomeView.swift in Sources */ = {isa = PBXBuildFile; fileRef = 18706F522B9F3BE1008FFB19 /* HomeView.swift */; };
		18706F552B9F3E36008FFB19 /* TabBarNavigator.swift in Sources */ = {isa = PBXBuildFile; fileRef = 18706F542B9F3E36008FFB19 /* TabBarNavigator.swift */; };
		18706F582B9F41DF008FFB19 /* SnapKit in Frameworks */ = {isa = PBXBuildFile; productRef = 18706F572B9F41DF008FFB19 /* SnapKit */; };
		18D5B6BF2BA0589000699F3D /* LeadVC.swift in Sources */ = {isa = PBXBuildFile; fileRef = 18D5B6BE2BA0589000699F3D /* LeadVC.swift */; };
		18D5B6C12BA058C300699F3D /* LeadView.swift in Sources */ = {isa = PBXBuildFile; fileRef = 18D5B6C02BA058C300699F3D /* LeadView.swift */; };
		18D5B6C32BA058CC00699F3D /* MyFotoVC.swift in Sources */ = {isa = PBXBuildFile; fileRef = 18D5B6C22BA058CC00699F3D /* MyFotoVC.swift */; };
		18D5B6C52BA058D100699F3D /* MyFotoView.swift in Sources */ = {isa = PBXBuildFile; fileRef = 18D5B6C42BA058D100699F3D /* MyFotoView.swift */; };
		18D5B6C72BA058E100699F3D /* MyWorkVC.swift in Sources */ = {isa = PBXBuildFile; fileRef = 18D5B6C62BA058E100699F3D /* MyWorkVC.swift */; };
		18D5B6C92BA058E800699F3D /* MyWorkView.swift in Sources */ = {isa = PBXBuildFile; fileRef = 18D5B6C82BA058E800699F3D /* MyWorkView.swift */; };
		18D5B6CB2BA058EE00699F3D /* ProfileVC.swift in Sources */ = {isa = PBXBuildFile; fileRef = 18D5B6CA2BA058EE00699F3D /* ProfileVC.swift */; };
		18D5B6CD2BA058F200699F3D /* ProfileView.swift in Sources */ = {isa = PBXBuildFile; fileRef = 18D5B6CC2BA058F200699F3D /* ProfileView.swift */; };
		18D5B6D02BA0750400699F3D /* UD.swift in Sources */ = {isa = PBXBuildFile; fileRef = 18D5B6CF2BA0750400699F3D /* UD.swift */; };
		18D5B6D22BA0750900699F3D /* Settings.swift in Sources */ = {isa = PBXBuildFile; fileRef = 18D5B6D12BA0750900699F3D /* Settings.swift */; };
		18D5B6D42BA0752300699F3D /* Font + Extension.swift in Sources */ = {isa = PBXBuildFile; fileRef = 18D5B6D32BA0752300699F3D /* Font + Extension.swift */; };
		18D5B6D92BA0917400699F3D /* HomeVC.swift in Sources */ = {isa = PBXBuildFile; fileRef = 18D5B6D82BA0917400699F3D /* HomeVC.swift */; };
		18D5B6DC2BA0A91800699F3D /* CustomLayout.swift in Sources */ = {isa = PBXBuildFile; fileRef = 18D5B6DB2BA0A91800699F3D /* CustomLayout.swift */; };
		18DBDA5C2BA221A300746C2D /* AfricaVC.swift in Sources */ = {isa = PBXBuildFile; fileRef = 18DBDA5B2BA221A300746C2D /* AfricaVC.swift */; };
		18DBDA5E2BA221AA00746C2D /* AfricaView.swift in Sources */ = {isa = PBXBuildFile; fileRef = 18DBDA5D2BA221A900746C2D /* AfricaView.swift */; };
		18DBDA602BA221B100746C2D /* CanadaVC.swift in Sources */ = {isa = PBXBuildFile; fileRef = 18DBDA5F2BA221B100746C2D /* CanadaVC.swift */; };
		18DBDA622BA221B700746C2D /* CanadaView.swift in Sources */ = {isa = PBXBuildFile; fileRef = 18DBDA612BA221B700746C2D /* CanadaView.swift */; };
		18DBDA642BA221C100746C2D /* PlanetVC.swift in Sources */ = {isa = PBXBuildFile; fileRef = 18DBDA632BA221C100746C2D /* PlanetVC.swift */; };
		18DBDA662BA221C900746C2D /* PlanetView.swift in Sources */ = {isa = PBXBuildFile; fileRef = 18DBDA652BA221C900746C2D /* PlanetView.swift */; };
		18DBDA692BA329BD00746C2D /* PixelArtView.swift in Sources */ = {isa = PBXBuildFile; fileRef = 18DBDA682BA329BD00746C2D /* PixelArtView.swift */; };
		18DBDA6B2BA32A2000746C2D /* PixelArtConverter.swift in Sources */ = {isa = PBXBuildFile; fileRef = 18DBDA6A2BA32A2000746C2D /* PixelArtConverter.swift */; };
		18DBDA6E2BA3756D00746C2D /* Baloo-Regular.ttf in Resources */ = {isa = PBXBuildFile; fileRef = 18DBDA6D2BA3756D00746C2D /* Baloo-Regular.ttf */; };
		18DBDA702BA42B1200746C2D /* GradientView.swift in Sources */ = {isa = PBXBuildFile; fileRef = 18DBDA6F2BA42B1200746C2D /* GradientView.swift */; };
/* End PBXBuildFile section */

/* Begin PBXFileReference section */
		181BF10A2BA44EF6002936AB /* CustomTextStyle.swift */ = {isa = PBXFileReference; lastKnownFileType = sourcecode.swift; path = CustomTextStyle.swift; sourceTree = "<group>"; };
		181BF1132BA4997A002936AB /* InfoVC.swift */ = {isa = PBXFileReference; lastKnownFileType = sourcecode.swift; path = InfoVC.swift; sourceTree = "<group>"; };
		181BF1152BA49982002936AB /* InfoView.swift */ = {isa = PBXFileReference; lastKnownFileType = sourcecode.swift; path = InfoView.swift; sourceTree = "<group>"; };
		181BF1182BA88BAC002936AB /* PaintVC.swift */ = {isa = PBXFileReference; lastKnownFileType = sourcecode.swift; path = PaintVC.swift; sourceTree = "<group>"; };
		181BF11A2BA88CEE002936AB /* PaintView.swift */ = {isa = PBXFileReference; lastKnownFileType = sourcecode.swift; path = PaintView.swift; sourceTree = "<group>"; };
		181BF11C2BA8A0C6002936AB /* ColorCollection.swift */ = {isa = PBXFileReference; lastKnownFileType = sourcecode.swift; path = ColorCollection.swift; sourceTree = "<group>"; };
		18706F2F2B9F3948008FFB19 /* jogoDoBicho.app */ = {isa = PBXFileReference; explicitFileType = wrapper.application; includeInIndex = 0; path = jogoDoBicho.app; sourceTree = BUILT_PRODUCTS_DIR; };
		18706F322B9F3948008FFB19 /* AppDelegate.swift */ = {isa = PBXFileReference; lastKnownFileType = sourcecode.swift; path = AppDelegate.swift; sourceTree = "<group>"; };
		18706F342B9F3948008FFB19 /* SceneDelegate.swift */ = {isa = PBXFileReference; lastKnownFileType = sourcecode.swift; path = SceneDelegate.swift; sourceTree = "<group>"; };
		18706F3B2B9F394B008FFB19 /* Assets.xcassets */ = {isa = PBXFileReference; lastKnownFileType = folder.assetcatalog; path = Assets.xcassets; sourceTree = "<group>"; };
		18706F3E2B9F394B008FFB19 /* Base */ = {isa = PBXFileReference; lastKnownFileType = file.storyboard; name = Base; path = Base.lproj/LaunchScreen.storyboard; sourceTree = "<group>"; };
		18706F402B9F394B008FFB19 /* Info.plist */ = {isa = PBXFileReference; lastKnownFileType = text.plist.xml; path = Info.plist; sourceTree = "<group>"; };
		18706F4A2B9F3B85008FFB19 /* StartVC.swift */ = {isa = PBXFileReference; lastKnownFileType = sourcecode.swift; path = StartVC.swift; sourceTree = "<group>"; };
		18706F4C2B9F3B8A008FFB19 /* StartView.swift */ = {isa = PBXFileReference; lastKnownFileType = sourcecode.swift; path = StartView.swift; sourceTree = "<group>"; };
		18706F502B9F3BDD008FFB19 /* CustomLayaoutVC.swift */ = {isa = PBXFileReference; lastKnownFileType = sourcecode.swift; path = CustomLayaoutVC.swift; sourceTree = "<group>"; };
		18706F522B9F3BE1008FFB19 /* HomeView.swift */ = {isa = PBXFileReference; lastKnownFileType = sourcecode.swift; path = HomeView.swift; sourceTree = "<group>"; };
		18706F542B9F3E36008FFB19 /* TabBarNavigator.swift */ = {isa = PBXFileReference; lastKnownFileType = sourcecode.swift; path = TabBarNavigator.swift; sourceTree = "<group>"; };
		18D5B6BE2BA0589000699F3D /* LeadVC.swift */ = {isa = PBXFileReference; lastKnownFileType = sourcecode.swift; path = LeadVC.swift; sourceTree = "<group>"; };
		18D5B6C02BA058C300699F3D /* LeadView.swift */ = {isa = PBXFileReference; lastKnownFileType = sourcecode.swift; path = LeadView.swift; sourceTree = "<group>"; };
		18D5B6C22BA058CC00699F3D /* MyFotoVC.swift */ = {isa = PBXFileReference; lastKnownFileType = sourcecode.swift; path = MyFotoVC.swift; sourceTree = "<group>"; };
		18D5B6C42BA058D100699F3D /* MyFotoView.swift */ = {isa = PBXFileReference; lastKnownFileType = sourcecode.swift; path = MyFotoView.swift; sourceTree = "<group>"; };
		18D5B6C62BA058E100699F3D /* MyWorkVC.swift */ = {isa = PBXFileReference; lastKnownFileType = sourcecode.swift; path = MyWorkVC.swift; sourceTree = "<group>"; };
		18D5B6C82BA058E800699F3D /* MyWorkView.swift */ = {isa = PBXFileReference; lastKnownFileType = sourcecode.swift; path = MyWorkView.swift; sourceTree = "<group>"; };
		18D5B6CA2BA058EE00699F3D /* ProfileVC.swift */ = {isa = PBXFileReference; lastKnownFileType = sourcecode.swift; path = ProfileVC.swift; sourceTree = "<group>"; };
		18D5B6CC2BA058F200699F3D /* ProfileView.swift */ = {isa = PBXFileReference; lastKnownFileType = sourcecode.swift; path = ProfileView.swift; sourceTree = "<group>"; };
		18D5B6CF2BA0750400699F3D /* UD.swift */ = {isa = PBXFileReference; lastKnownFileType = sourcecode.swift; path = UD.swift; sourceTree = "<group>"; };
		18D5B6D12BA0750900699F3D /* Settings.swift */ = {isa = PBXFileReference; lastKnownFileType = sourcecode.swift; path = Settings.swift; sourceTree = "<group>"; };
		18D5B6D32BA0752300699F3D /* Font + Extension.swift */ = {isa = PBXFileReference; lastKnownFileType = sourcecode.swift; path = "Font + Extension.swift"; sourceTree = "<group>"; };
		18D5B6D82BA0917400699F3D /* HomeVC.swift */ = {isa = PBXFileReference; lastKnownFileType = sourcecode.swift; path = HomeVC.swift; sourceTree = "<group>"; };
		18D5B6DB2BA0A91800699F3D /* CustomLayout.swift */ = {isa = PBXFileReference; lastKnownFileType = sourcecode.swift; path = CustomLayout.swift; sourceTree = "<group>"; };
		18DBDA5B2BA221A300746C2D /* AfricaVC.swift */ = {isa = PBXFileReference; lastKnownFileType = sourcecode.swift; path = AfricaVC.swift; sourceTree = "<group>"; };
		18DBDA5D2BA221A900746C2D /* AfricaView.swift */ = {isa = PBXFileReference; lastKnownFileType = sourcecode.swift; path = AfricaView.swift; sourceTree = "<group>"; };
		18DBDA5F2BA221B100746C2D /* CanadaVC.swift */ = {isa = PBXFileReference; lastKnownFileType = sourcecode.swift; path = CanadaVC.swift; sourceTree = "<group>"; };
		18DBDA612BA221B700746C2D /* CanadaView.swift */ = {isa = PBXFileReference; lastKnownFileType = sourcecode.swift; path = CanadaView.swift; sourceTree = "<group>"; };
		18DBDA632BA221C100746C2D /* PlanetVC.swift */ = {isa = PBXFileReference; lastKnownFileType = sourcecode.swift; path = PlanetVC.swift; sourceTree = "<group>"; };
		18DBDA652BA221C900746C2D /* PlanetView.swift */ = {isa = PBXFileReference; lastKnownFileType = sourcecode.swift; path = PlanetView.swift; sourceTree = "<group>"; };
		18DBDA682BA329BD00746C2D /* PixelArtView.swift */ = {isa = PBXFileReference; lastKnownFileType = sourcecode.swift; path = PixelArtView.swift; sourceTree = "<group>"; };
		18DBDA6A2BA32A2000746C2D /* PixelArtConverter.swift */ = {isa = PBXFileReference; lastKnownFileType = sourcecode.swift; path = PixelArtConverter.swift; sourceTree = "<group>"; };
		18DBDA6D2BA3756D00746C2D /* Baloo-Regular.ttf */ = {isa = PBXFileReference; lastKnownFileType = file; path = "Baloo-Regular.ttf"; sourceTree = "<group>"; };
		18DBDA6F2BA42B1200746C2D /* GradientView.swift */ = {isa = PBXFileReference; lastKnownFileType = sourcecode.swift; path = GradientView.swift; sourceTree = "<group>"; };
/* End PBXFileReference section */

/* Begin PBXFrameworksBuildPhase section */
		18706F2C2B9F3948008FFB19 /* Frameworks */ = {
			isa = PBXFrameworksBuildPhase;
			buildActionMask = 2147483647;
			files = (
				18706F582B9F41DF008FFB19 /* SnapKit in Frameworks */,
			);
			runOnlyForDeploymentPostprocessing = 0;
		};
/* End PBXFrameworksBuildPhase section */

/* Begin PBXGroup section */
		181BF10C2BA49917002936AB /* Info */ = {
			isa = PBXGroup;
			children = (
				181BF1132BA4997A002936AB /* InfoVC.swift */,
				181BF1152BA49982002936AB /* InfoView.swift */,
			);
			path = Info;
			sourceTree = "<group>";
		};
		181BF1172BA88B97002936AB /* Create Paint */ = {
			isa = PBXGroup;
			children = (
				181BF1182BA88BAC002936AB /* PaintVC.swift */,
				181BF11A2BA88CEE002936AB /* PaintView.swift */,
				181BF11C2BA8A0C6002936AB /* ColorCollection.swift */,
			);
			path = "Create Paint";
			sourceTree = "<group>";
		};
		18706F262B9F3948008FFB19 = {
			isa = PBXGroup;
			children = (
				18706F312B9F3948008FFB19 /* jogoDoBicho */,
				18706F302B9F3948008FFB19 /* Products */,
			);
			sourceTree = "<group>";
		};
		18706F302B9F3948008FFB19 /* Products */ = {
			isa = PBXGroup;
			children = (
				18706F2F2B9F3948008FFB19 /* jogoDoBicho.app */,
			);
			name = Products;
			sourceTree = "<group>";
		};
		18706F312B9F3948008FFB19 /* jogoDoBicho */ = {
			isa = PBXGroup;
			children = (
				18706F322B9F3948008FFB19 /* AppDelegate.swift */,
				18706F342B9F3948008FFB19 /* SceneDelegate.swift */,
				18706F3D2B9F394B008FFB19 /* LaunchScreen.storyboard */,
				18706F462B9F3A29008FFB19 /* Flow */,
				18706F472B9F3A31008FFB19 /* Resourse */,
				18706F402B9F394B008FFB19 /* Info.plist */,
			);
			path = jogoDoBicho;
			sourceTree = "<group>";
		};
		18706F462B9F3A29008FFB19 /* Flow */ = {
			isa = PBXGroup;
			children = (
				18706F4F2B9F3BC0008FFB19 /* Start */,
				18D5B6B92BA0567B00699F3D /* TabNavigator */,
				18D5B6CE2BA074C300699F3D /* Helpers */,
			);
			path = Flow;
			sourceTree = "<group>";
		};
		18706F472B9F3A31008FFB19 /* Resourse */ = {
			isa = PBXGroup;
			children = (
				18DBDA6C2BA3755900746C2D /* UIFont */,
				18706F3B2B9F394B008FFB19 /* Assets.xcassets */,
			);
			path = Resourse;
			sourceTree = "<group>";
		};
		18706F4E2B9F3BB8008FFB19 /* Home */ = {
			isa = PBXGroup;
			children = (
				181BF1172BA88B97002936AB /* Create Paint */,
				181BF10C2BA49917002936AB /* Info */,
				18D5B6DA2BA0A90900699F3D /* Layout */,
				18D5B6D82BA0917400699F3D /* HomeVC.swift */,
				18706F522B9F3BE1008FFB19 /* HomeView.swift */,
				18DBDA6F2BA42B1200746C2D /* GradientView.swift */,
				18DBDA672BA3298E00746C2D /* CustomPixelArt */,
				18D5B6D52BA08E3D00699F3D /* Africa */,
				18DBDA5A2BA2218F00746C2D /* Planet */,
				18DBDA592BA2217D00746C2D /* Canada */,
			);
			path = Home;
			sourceTree = "<group>";
		};
		18706F4F2B9F3BC0008FFB19 /* Start */ = {
			isa = PBXGroup;
			children = (
				18706F4A2B9F3B85008FFB19 /* StartVC.swift */,
				18706F4C2B9F3B8A008FFB19 /* StartView.swift */,
			);
			path = Start;
			sourceTree = "<group>";
		};
		18D5B6B92BA0567B00699F3D /* TabNavigator */ = {
			isa = PBXGroup;
			children = (
				18706F542B9F3E36008FFB19 /* TabBarNavigator.swift */,
				18706F4E2B9F3BB8008FFB19 /* Home */,
				18D5B6BD2BA0588400699F3D /* LeaderBoard */,
				18D5B6BC2BA057AD00699F3D /* MyFoto */,
				18D5B6BA2BA056A400699F3D /* Profile */,
				18D5B6BB2BA056B000699F3D /* MyWork */,
			);
			path = TabNavigator;
			sourceTree = "<group>";
		};
		18D5B6BA2BA056A400699F3D /* Profile */ = {
			isa = PBXGroup;
			children = (
				18D5B6CA2BA058EE00699F3D /* ProfileVC.swift */,
				18D5B6CC2BA058F200699F3D /* ProfileView.swift */,
			);
			path = Profile;
			sourceTree = "<group>";
		};
		18D5B6BB2BA056B000699F3D /* MyWork */ = {
			isa = PBXGroup;
			children = (
				18D5B6C62BA058E100699F3D /* MyWorkVC.swift */,
				18D5B6C82BA058E800699F3D /* MyWorkView.swift */,
			);
			path = MyWork;
			sourceTree = "<group>";
		};
		18D5B6BC2BA057AD00699F3D /* MyFoto */ = {
			isa = PBXGroup;
			children = (
				18D5B6C22BA058CC00699F3D /* MyFotoVC.swift */,
				18D5B6C42BA058D100699F3D /* MyFotoView.swift */,
			);
			path = MyFoto;
			sourceTree = "<group>";
		};
		18D5B6BD2BA0588400699F3D /* LeaderBoard */ = {
			isa = PBXGroup;
			children = (
				18D5B6BE2BA0589000699F3D /* LeadVC.swift */,
				18D5B6C02BA058C300699F3D /* LeadView.swift */,
			);
			path = LeaderBoard;
			sourceTree = "<group>";
		};
		18D5B6CE2BA074C300699F3D /* Helpers */ = {
			isa = PBXGroup;
			children = (
				18D5B6CF2BA0750400699F3D /* UD.swift */,
				18D5B6D12BA0750900699F3D /* Settings.swift */,
				18D5B6D32BA0752300699F3D /* Font + Extension.swift */,
				181BF10A2BA44EF6002936AB /* CustomTextStyle.swift */,
			);
			path = Helpers;
			sourceTree = "<group>";
		};
		18D5B6D52BA08E3D00699F3D /* Africa */ = {
			isa = PBXGroup;
			children = (
				18DBDA5B2BA221A300746C2D /* AfricaVC.swift */,
				18DBDA5D2BA221A900746C2D /* AfricaView.swift */,
			);
			path = Africa;
			sourceTree = "<group>";
		};
		18D5B6DA2BA0A90900699F3D /* Layout */ = {
			isa = PBXGroup;
			children = (
				18706F502B9F3BDD008FFB19 /* CustomLayaoutVC.swift */,
				18D5B6DB2BA0A91800699F3D /* CustomLayout.swift */,
			);
			path = Layout;
			sourceTree = "<group>";
		};
		18DBDA592BA2217D00746C2D /* Canada */ = {
			isa = PBXGroup;
			children = (
				18DBDA5F2BA221B100746C2D /* CanadaVC.swift */,
				18DBDA612BA221B700746C2D /* CanadaView.swift */,
			);
			path = Canada;
			sourceTree = "<group>";
		};
		18DBDA5A2BA2218F00746C2D /* Planet */ = {
			isa = PBXGroup;
			children = (
				18DBDA632BA221C100746C2D /* PlanetVC.swift */,
				18DBDA652BA221C900746C2D /* PlanetView.swift */,
			);
			path = Planet;
			sourceTree = "<group>";
		};
		18DBDA672BA3298E00746C2D /* CustomPixelArt */ = {
			isa = PBXGroup;
			children = (
				18DBDA682BA329BD00746C2D /* PixelArtView.swift */,
				18DBDA6A2BA32A2000746C2D /* PixelArtConverter.swift */,
			);
			path = CustomPixelArt;
			sourceTree = "<group>";
		};
		18DBDA6C2BA3755900746C2D /* UIFont */ = {
			isa = PBXGroup;
			children = (
				18DBDA6D2BA3756D00746C2D /* Baloo-Regular.ttf */,
			);
			path = UIFont;
			sourceTree = "<group>";
		};
/* End PBXGroup section */

/* Begin PBXNativeTarget section */
		18706F2E2B9F3948008FFB19 /* jogoDoBicho */ = {
			isa = PBXNativeTarget;
			buildConfigurationList = 18706F432B9F394B008FFB19 /* Build configuration list for PBXNativeTarget "jogoDoBicho" */;
			buildPhases = (
				18706F2B2B9F3948008FFB19 /* Sources */,
				18706F2C2B9F3948008FFB19 /* Frameworks */,
				18706F2D2B9F3948008FFB19 /* Resources */,
			);
			buildRules = (
			);
			dependencies = (
			);
			name = jogoDoBicho;
			packageProductDependencies = (
				18706F572B9F41DF008FFB19 /* SnapKit */,
			);
			productName = jogoDoBicho;
			productReference = 18706F2F2B9F3948008FFB19 /* jogoDoBicho.app */;
			productType = "com.apple.product-type.application";
		};
/* End PBXNativeTarget section */

/* Begin PBXProject section */
		18706F272B9F3948008FFB19 /* Project object */ = {
			isa = PBXProject;
			attributes = {
				BuildIndependentTargetsInParallel = 1;
				LastSwiftUpdateCheck = 1500;
				LastUpgradeCheck = 1500;
				TargetAttributes = {
					18706F2E2B9F3948008FFB19 = {
						CreatedOnToolsVersion = 15.0;
					};
				};
			};
			buildConfigurationList = 18706F2A2B9F3948008FFB19 /* Build configuration list for PBXProject "jogoDoBicho" */;
			compatibilityVersion = "Xcode 14.0";
			developmentRegion = en;
			hasScannedForEncodings = 0;
			knownRegions = (
				en,
				Base,
			);
			mainGroup = 18706F262B9F3948008FFB19;
			packageReferences = (
				18706F562B9F41DF008FFB19 /* XCRemoteSwiftPackageReference "SnapKit" */,
			);
			productRefGroup = 18706F302B9F3948008FFB19 /* Products */;
			projectDirPath = "";
			projectRoot = "";
			targets = (
				18706F2E2B9F3948008FFB19 /* jogoDoBicho */,
			);
		};
/* End PBXProject section */

/* Begin PBXResourcesBuildPhase section */
		18706F2D2B9F3948008FFB19 /* Resources */ = {
			isa = PBXResourcesBuildPhase;
			buildActionMask = 2147483647;
			files = (
				18706F3F2B9F394B008FFB19 /* LaunchScreen.storyboard in Resources */,
				18706F3C2B9F394B008FFB19 /* Assets.xcassets in Resources */,
				18DBDA6E2BA3756D00746C2D /* Baloo-Regular.ttf in Resources */,
			);
			runOnlyForDeploymentPostprocessing = 0;
		};
/* End PBXResourcesBuildPhase section */

/* Begin PBXSourcesBuildPhase section */
		18706F2B2B9F3948008FFB19 /* Sources */ = {
			isa = PBXSourcesBuildPhase;
			buildActionMask = 2147483647;
			files = (
				18706F4D2B9F3B8A008FFB19 /* StartView.swift in Sources */,
				18706F552B9F3E36008FFB19 /* TabBarNavigator.swift in Sources */,
				18D5B6CB2BA058EE00699F3D /* ProfileVC.swift in Sources */,
				18DBDA5E2BA221AA00746C2D /* AfricaView.swift in Sources */,
				18D5B6D92BA0917400699F3D /* HomeVC.swift in Sources */,
				18D5B6D22BA0750900699F3D /* Settings.swift in Sources */,
				18DBDA602BA221B100746C2D /* CanadaVC.swift in Sources */,
				18DBDA642BA221C100746C2D /* PlanetVC.swift in Sources */,
				18D5B6D42BA0752300699F3D /* Font + Extension.swift in Sources */,
				18D5B6DC2BA0A91800699F3D /* CustomLayout.swift in Sources */,
				18706F512B9F3BDD008FFB19 /* CustomLayaoutVC.swift in Sources */,
				181BF1192BA88BAC002936AB /* PaintVC.swift in Sources */,
				18D5B6C72BA058E100699F3D /* MyWorkVC.swift in Sources */,
				18D5B6C92BA058E800699F3D /* MyWorkView.swift in Sources */,
				18D5B6C12BA058C300699F3D /* LeadView.swift in Sources */,
				181BF1142BA4997A002936AB /* InfoVC.swift in Sources */,
				18DBDA662BA221C900746C2D /* PlanetView.swift in Sources */,
				181BF1162BA49982002936AB /* InfoView.swift in Sources */,
				18D5B6CD2BA058F200699F3D /* ProfileView.swift in Sources */,
				18DBDA692BA329BD00746C2D /* PixelArtView.swift in Sources */,
				181BF10B2BA44EF6002936AB /* CustomTextStyle.swift in Sources */,
				18706F332B9F3948008FFB19 /* AppDelegate.swift in Sources */,
				18DBDA622BA221B700746C2D /* CanadaView.swift in Sources */,
				181BF11D2BA8A0C6002936AB /* ColorCollection.swift in Sources */,
				18DBDA6B2BA32A2000746C2D /* PixelArtConverter.swift in Sources */,
				18D5B6C52BA058D100699F3D /* MyFotoView.swift in Sources */,
				18706F532B9F3BE1008FFB19 /* HomeView.swift in Sources */,
				18706F352B9F3948008FFB19 /* SceneDelegate.swift in Sources */,
				181BF11B2BA88CEE002936AB /* PaintView.swift in Sources */,
				18D5B6D02BA0750400699F3D /* UD.swift in Sources */,
				18706F4B2B9F3B85008FFB19 /* StartVC.swift in Sources */,
				18D5B6C32BA058CC00699F3D /* MyFotoVC.swift in Sources */,
				18DBDA702BA42B1200746C2D /* GradientView.swift in Sources */,
				18DBDA5C2BA221A300746C2D /* AfricaVC.swift in Sources */,
				18D5B6BF2BA0589000699F3D /* LeadVC.swift in Sources */,
			);
			runOnlyForDeploymentPostprocessing = 0;
		};
/* End PBXSourcesBuildPhase section */

/* Begin PBXVariantGroup section */
		18706F3D2B9F394B008FFB19 /* LaunchScreen.storyboard */ = {
			isa = PBXVariantGroup;
			children = (
				18706F3E2B9F394B008FFB19 /* Base */,
			);
			name = LaunchScreen.storyboard;
			sourceTree = "<group>";
		};
/* End PBXVariantGroup section */

/* Begin XCBuildConfiguration section */
		18706F412B9F394B008FFB19 /* Debug */ = {
			isa = XCBuildConfiguration;
			buildSettings = {
				ALWAYS_SEARCH_USER_PATHS = NO;
				ASSETCATALOG_COMPILER_GENERATE_SWIFT_ASSET_SYMBOL_EXTENSIONS = YES;
				CLANG_ANALYZER_NONNULL = YES;
				CLANG_ANALYZER_NUMBER_OBJECT_CONVERSION = YES_AGGRESSIVE;
				CLANG_CXX_LANGUAGE_STANDARD = "gnu++20";
				CLANG_ENABLE_MODULES = YES;
				CLANG_ENABLE_OBJC_ARC = YES;
				CLANG_ENABLE_OBJC_WEAK = YES;
				CLANG_WARN_BLOCK_CAPTURE_AUTORELEASING = YES;
				CLANG_WARN_BOOL_CONVERSION = YES;
				CLANG_WARN_COMMA = YES;
				CLANG_WARN_CONSTANT_CONVERSION = YES;
				CLANG_WARN_DEPRECATED_OBJC_IMPLEMENTATIONS = YES;
				CLANG_WARN_DIRECT_OBJC_ISA_USAGE = YES_ERROR;
				CLANG_WARN_DOCUMENTATION_COMMENTS = YES;
				CLANG_WARN_EMPTY_BODY = YES;
				CLANG_WARN_ENUM_CONVERSION = YES;
				CLANG_WARN_INFINITE_RECURSION = YES;
				CLANG_WARN_INT_CONVERSION = YES;
				CLANG_WARN_NON_LITERAL_NULL_CONVERSION = YES;
				CLANG_WARN_OBJC_IMPLICIT_RETAIN_SELF = YES;
				CLANG_WARN_OBJC_LITERAL_CONVERSION = YES;
				CLANG_WARN_OBJC_ROOT_CLASS = YES_ERROR;
				CLANG_WARN_QUOTED_INCLUDE_IN_FRAMEWORK_HEADER = YES;
				CLANG_WARN_RANGE_LOOP_ANALYSIS = YES;
				CLANG_WARN_STRICT_PROTOTYPES = YES;
				CLANG_WARN_SUSPICIOUS_MOVE = YES;
				CLANG_WARN_UNGUARDED_AVAILABILITY = YES_AGGRESSIVE;
				CLANG_WARN_UNREACHABLE_CODE = YES;
				CLANG_WARN__DUPLICATE_METHOD_MATCH = YES;
				COPY_PHASE_STRIP = NO;
				DEBUG_INFORMATION_FORMAT = dwarf;
				ENABLE_STRICT_OBJC_MSGSEND = YES;
				ENABLE_TESTABILITY = YES;
				ENABLE_USER_SCRIPT_SANDBOXING = YES;
				GCC_C_LANGUAGE_STANDARD = gnu17;
				GCC_DYNAMIC_NO_PIC = NO;
				GCC_NO_COMMON_BLOCKS = YES;
				GCC_OPTIMIZATION_LEVEL = 0;
				GCC_PREPROCESSOR_DEFINITIONS = (
					"DEBUG=1",
					"$(inherited)",
				);
				GCC_WARN_64_TO_32_BIT_CONVERSION = YES;
				GCC_WARN_ABOUT_RETURN_TYPE = YES_ERROR;
				GCC_WARN_UNDECLARED_SELECTOR = YES;
				GCC_WARN_UNINITIALIZED_AUTOS = YES_AGGRESSIVE;
				GCC_WARN_UNUSED_FUNCTION = YES;
				GCC_WARN_UNUSED_VARIABLE = YES;
				IPHONEOS_DEPLOYMENT_TARGET = 15.0;
				LOCALIZATION_PREFERS_STRING_CATALOGS = YES;
				MTL_ENABLE_DEBUG_INFO = INCLUDE_SOURCE;
				MTL_FAST_MATH = YES;
				ONLY_ACTIVE_ARCH = YES;
				SDKROOT = iphoneos;
				SWIFT_ACTIVE_COMPILATION_CONDITIONS = "DEBUG $(inherited)";
				SWIFT_OPTIMIZATION_LEVEL = "-Onone";
			};
			name = Debug;
		};
		18706F422B9F394B008FFB19 /* Release */ = {
			isa = XCBuildConfiguration;
			buildSettings = {
				ALWAYS_SEARCH_USER_PATHS = NO;
				ASSETCATALOG_COMPILER_GENERATE_SWIFT_ASSET_SYMBOL_EXTENSIONS = YES;
				CLANG_ANALYZER_NONNULL = YES;
				CLANG_ANALYZER_NUMBER_OBJECT_CONVERSION = YES_AGGRESSIVE;
				CLANG_CXX_LANGUAGE_STANDARD = "gnu++20";
				CLANG_ENABLE_MODULES = YES;
				CLANG_ENABLE_OBJC_ARC = YES;
				CLANG_ENABLE_OBJC_WEAK = YES;
				CLANG_WARN_BLOCK_CAPTURE_AUTORELEASING = YES;
				CLANG_WARN_BOOL_CONVERSION = YES;
				CLANG_WARN_COMMA = YES;
				CLANG_WARN_CONSTANT_CONVERSION = YES;
				CLANG_WARN_DEPRECATED_OBJC_IMPLEMENTATIONS = YES;
				CLANG_WARN_DIRECT_OBJC_ISA_USAGE = YES_ERROR;
				CLANG_WARN_DOCUMENTATION_COMMENTS = YES;
				CLANG_WARN_EMPTY_BODY = YES;
				CLANG_WARN_ENUM_CONVERSION = YES;
				CLANG_WARN_INFINITE_RECURSION = YES;
				CLANG_WARN_INT_CONVERSION = YES;
				CLANG_WARN_NON_LITERAL_NULL_CONVERSION = YES;
				CLANG_WARN_OBJC_IMPLICIT_RETAIN_SELF = YES;
				CLANG_WARN_OBJC_LITERAL_CONVERSION = YES;
				CLANG_WARN_OBJC_ROOT_CLASS = YES_ERROR;
				CLANG_WARN_QUOTED_INCLUDE_IN_FRAMEWORK_HEADER = YES;
				CLANG_WARN_RANGE_LOOP_ANALYSIS = YES;
				CLANG_WARN_STRICT_PROTOTYPES = YES;
				CLANG_WARN_SUSPICIOUS_MOVE = YES;
				CLANG_WARN_UNGUARDED_AVAILABILITY = YES_AGGRESSIVE;
				CLANG_WARN_UNREACHABLE_CODE = YES;
				CLANG_WARN__DUPLICATE_METHOD_MATCH = YES;
				COPY_PHASE_STRIP = NO;
				DEBUG_INFORMATION_FORMAT = "dwarf-with-dsym";
				ENABLE_NS_ASSERTIONS = NO;
				ENABLE_STRICT_OBJC_MSGSEND = YES;
				ENABLE_USER_SCRIPT_SANDBOXING = YES;
				GCC_C_LANGUAGE_STANDARD = gnu17;
				GCC_NO_COMMON_BLOCKS = YES;
				GCC_WARN_64_TO_32_BIT_CONVERSION = YES;
				GCC_WARN_ABOUT_RETURN_TYPE = YES_ERROR;
				GCC_WARN_UNDECLARED_SELECTOR = YES;
				GCC_WARN_UNINITIALIZED_AUTOS = YES_AGGRESSIVE;
				GCC_WARN_UNUSED_FUNCTION = YES;
				GCC_WARN_UNUSED_VARIABLE = YES;
				IPHONEOS_DEPLOYMENT_TARGET = 15.0;
				LOCALIZATION_PREFERS_STRING_CATALOGS = YES;
				MTL_ENABLE_DEBUG_INFO = NO;
				MTL_FAST_MATH = YES;
				SDKROOT = iphoneos;
				SWIFT_COMPILATION_MODE = wholemodule;
				VALIDATE_PRODUCT = YES;
			};
			name = Release;
		};
		18706F442B9F394B008FFB19 /* Debug */ = {
			isa = XCBuildConfiguration;
			buildSettings = {
				ASSETCATALOG_COMPILER_APPICON_NAME = AppIcon;
				ASSETCATALOG_COMPILER_GLOBAL_ACCENT_COLOR_NAME = AccentColor;
				CODE_SIGN_STYLE = Automatic;
				CURRENT_PROJECT_VERSION = 1;
				GENERATE_INFOPLIST_FILE = YES;
				INFOPLIST_FILE = jogoDoBicho/Info.plist;
				INFOPLIST_KEY_NSCameraUsageDescription = "Do you camera?";
				INFOPLIST_KEY_NSPhotoLibraryUsageDescription = "Do you Library foto?";
				INFOPLIST_KEY_UIApplicationSupportsIndirectInputEvents = YES;
				INFOPLIST_KEY_UILaunchStoryboardName = LaunchScreen;
				INFOPLIST_KEY_UISupportedInterfaceOrientations_iPad = "UIInterfaceOrientationPortrait UIInterfaceOrientationPortraitUpsideDown UIInterfaceOrientationLandscapeLeft UIInterfaceOrientationLandscapeRight";
				INFOPLIST_KEY_UISupportedInterfaceOrientations_iPhone = "UIInterfaceOrientationPortrait UIInterfaceOrientationLandscapeLeft UIInterfaceOrientationLandscapeRight";
				IPHONEOS_DEPLOYMENT_TARGET = 15.0;
				LD_RUNPATH_SEARCH_PATHS = (
					"$(inherited)",
					"@executable_path/Frameworks",
				);
				MARKETING_VERSION = 1.0;
				PRODUCT_BUNDLE_IDENTIFIER = tsarevichD.jogoDoBicho;
				PRODUCT_NAME = "$(TARGET_NAME)";
				SWIFT_EMIT_LOC_STRINGS = YES;
				SWIFT_VERSION = 5.0;
				TARGETED_DEVICE_FAMILY = "1,2";
			};
			name = Debug;
		};
		18706F452B9F394B008FFB19 /* Release */ = {
			isa = XCBuildConfiguration;
			buildSettings = {
				ASSETCATALOG_COMPILER_APPICON_NAME = AppIcon;
				ASSETCATALOG_COMPILER_GLOBAL_ACCENT_COLOR_NAME = AccentColor;
				CODE_SIGN_STYLE = Automatic;
				CURRENT_PROJECT_VERSION = 1;
				GENERATE_INFOPLIST_FILE = YES;
				INFOPLIST_FILE = jogoDoBicho/Info.plist;
				INFOPLIST_KEY_NSCameraUsageDescription = "Do you camera?";
				INFOPLIST_KEY_NSPhotoLibraryUsageDescription = "Do you Library foto?";
				INFOPLIST_KEY_UIApplicationSupportsIndirectInputEvents = YES;
				INFOPLIST_KEY_UILaunchStoryboardName = LaunchScreen;
				INFOPLIST_KEY_UISupportedInterfaceOrientations_iPad = "UIInterfaceOrientationPortrait UIInterfaceOrientationPortraitUpsideDown UIInterfaceOrientationLandscapeLeft UIInterfaceOrientationLandscapeRight";
				INFOPLIST_KEY_UISupportedInterfaceOrientations_iPhone = "UIInterfaceOrientationPortrait UIInterfaceOrientationLandscapeLeft UIInterfaceOrientationLandscapeRight";
				IPHONEOS_DEPLOYMENT_TARGET = 15.0;
				LD_RUNPATH_SEARCH_PATHS = (
					"$(inherited)",
					"@executable_path/Frameworks",
				);
				MARKETING_VERSION = 1.0;
				PRODUCT_BUNDLE_IDENTIFIER = tsarevichD.jogoDoBicho;
				PRODUCT_NAME = "$(TARGET_NAME)";
				SWIFT_EMIT_LOC_STRINGS = YES;
				SWIFT_VERSION = 5.0;
				TARGETED_DEVICE_FAMILY = "1,2";
			};
			name = Release;
		};
/* End XCBuildConfiguration section */

/* Begin XCConfigurationList section */
		18706F2A2B9F3948008FFB19 /* Build configuration list for PBXProject "jogoDoBicho" */ = {
			isa = XCConfigurationList;
			buildConfigurations = (
				18706F412B9F394B008FFB19 /* Debug */,
				18706F422B9F394B008FFB19 /* Release */,
			);
			defaultConfigurationIsVisible = 0;
			defaultConfigurationName = Release;
		};
		18706F432B9F394B008FFB19 /* Build configuration list for PBXNativeTarget "jogoDoBicho" */ = {
			isa = XCConfigurationList;
			buildConfigurations = (
				18706F442B9F394B008FFB19 /* Debug */,
				18706F452B9F394B008FFB19 /* Release */,
			);
			defaultConfigurationIsVisible = 0;
			defaultConfigurationName = Release;
		};
/* End XCConfigurationList section */

/* Begin XCRemoteSwiftPackageReference section */
		18706F562B9F41DF008FFB19 /* XCRemoteSwiftPackageReference "SnapKit" */ = {
			isa = XCRemoteSwiftPackageReference;
			repositoryURL = "https://github.com/SnapKit/SnapKit.git";
			requirement = {
				kind = upToNextMajorVersion;
				minimumVersion = 5.7.1;
			};
		};
/* End XCRemoteSwiftPackageReference section */

/* Begin XCSwiftPackageProductDependency section */
		18706F572B9F41DF008FFB19 /* SnapKit */ = {
			isa = XCSwiftPackageProductDependency;
			package = 18706F562B9F41DF008FFB19 /* XCRemoteSwiftPackageReference "SnapKit" */;
			productName = SnapKit;
		};
/* End XCSwiftPackageProductDependency section */
	};
	rootObject = 18706F272B9F3948008FFB19 /* Project object */;
}
